Microsoft Visual Studio Solution File, Format Version 12.00
# Visual Studio Version 17
VisualStudioVersion = 17.5.2.0
MinimumVisualStudioVersion = 10.0.40219.1
Project("{2150E333-8FDC-42A3-9474-1A3956D46DE8}") = "Source", "Source", "{B8EFCA5F-814F-285C-A8CB-F00F14650265}"
EndProject
Project("{FAE04EC0-301F-11D3-BF4B-00C04F79EFBC}") = "DontEat", "Source\DontEat.csproj", "{CD7D9F57-B0F9-A7AA-2E69-D178DCEBFB6B}"
EndProject
Global
	GlobalSection(SolutionConfigurationPlatforms) = preSolution
		Debug|Any CPU = Debug|Any CPU
		Release|Any CPU = Release|Any CPU
	EndGlobalSection
	GlobalSection(ProjectConfigurationPlatforms) = postSolution
		{CD7D9F57-B0F9-A7AA-2E69-D178DCEBFB6B}.Debug|Any CPU.ActiveCfg = Debug|Any CPU
		{CD7D9F57-B0F9-A7AA-2E69-D178DCEBFB6B}.Debug|Any CPU.Build.0 = Debug|Any CPU
		{CD7D9F57-B0F9-A7AA-2E69-D178DCEBFB6B}.Release|Any CPU.ActiveCfg = Release|Any CPU
		{CD7D9F57-B0F9-A7AA-2E69-D178DCEBFB6B}.Release|Any CPU.Build.0 = Release|Any CPU
	EndGlobalSection
	GlobalSection(SolutionProperties) = preSolution
		HideSolutionNode = FALSE
	EndGlobalSection
	GlobalSection(NestedProjects) = preSolution
		{CD7D9F57-B0F9-A7AA-2E69-D178DCEBFB6B} = {B8EFCA5F-814F-285C-A8CB-F00F14650265}
	EndGlobalSection
	GlobalSection(ExtensibilityGlobals) = postSolution
		SolutionGuid = {F74ADC8F-8832-4B19-9FE5-07FCF59DDD34}
	EndGlobalSection
EndGlobal
